
Microsoft Visual Studio Solution File, Format Version 12.00
# Visual Studio Version 17
VisualStudioVersion = 17.12.35527.113
MinimumVisualStudioVersion = 10.0.40219.1
Project("{FAE04EC0-301F-11D3-BF4B-00C04F79EFBC}") = "LingoScape-Translation-Manager", "LingoScape-Translation-Manager\LingoScape-Translation-Manager.csproj", "{32BB0862-1A7B-4F88-9480-27A49916919F}"
EndProject
Project("{FAE04EC0-301F-11D3-BF4B-00C04F79EFBC}") = "LingoScape.DataAccessLayer", "LingoScape.DataAccessLayer\LingoScape.DataAccessLayer.csproj", "{0DE3F852-528E-4CE6-BB18-DA66E42B3489}"
EndProject
Project("{FAE04EC0-301F-11D3-BF4B-00C04F79EFBC}") = "LingoScape.GitHubIntegrationLayer", "LingoScape.GitHubIntegrationLayer\LingoScape.GitHubIntegrationLayer.csproj", "{C7CD5B46-1D6B-4642-B9DB-9B375F432782}"
EndProject
Project("{FAE04EC0-301F-11D3-BF4B-00C04F79EFBC}") = "LingoScape.Logic", "LingoScape.Logic\LingoScape.Logic.csproj", "{23052B55-9146-4831-947F-53DC7B7B1BAA}"
EndProject
Project("{FAE04EC0-301F-11D3-BF4B-00C04F79EFBC}") = "LingoScape.Repository", "LingoScape.Repository\LingoScape.Repository.csproj", "{313695E5-89E1-430D-8C98-28C28FD0DC76}"
EndProject
Project("{FAE04EC0-301F-11D3-BF4B-00C04F79EFBC}") = "LingoScape.Tests", "LingoScape.Tests\LingoScape.Tests.csproj", "{9D65AD78-6048-4461-B110-CCFEB67D6270}"
EndProject
Project("{FAE04EC0-301F-11D3-BF4B-00C04F79EFBC}") = "LingoScape.Shared", "LingoScape.Shared\LingoScape.Shared.csproj", "{989EFEC8-4F99-4B87-92EF-3073F33A4AED}"
EndProject
Global
	GlobalSection(SolutionConfigurationPlatforms) = preSolution
		Debug|Any CPU = Debug|Any CPU
		Release|Any CPU = Release|Any CPU
	EndGlobalSection
	GlobalSection(ProjectConfigurationPlatforms) = postSolution
		{32BB0862-1A7B-4F88-9480-27A49916919F}.Debug|Any CPU.ActiveCfg = Debug|Any CPU
		{32BB0862-1A7B-4F88-9480-27A49916919F}.Debug|Any CPU.Build.0 = Debug|Any CPU
		{32BB0862-1A7B-4F88-9480-27A49916919F}.Release|Any CPU.ActiveCfg = Release|Any CPU
		{32BB0862-1A7B-4F88-9480-27A49916919F}.Release|Any CPU.Build.0 = Release|Any CPU
		{0DE3F852-528E-4CE6-BB18-DA66E42B3489}.Debug|Any CPU.ActiveCfg = Debug|Any CPU
		{0DE3F852-528E-4CE6-BB18-DA66E42B3489}.Debug|Any CPU.Build.0 = Debug|Any CPU
		{0DE3F852-528E-4CE6-BB18-DA66E42B3489}.Release|Any CPU.ActiveCfg = Release|Any CPU
		{0DE3F852-528E-4CE6-BB18-DA66E42B3489}.Release|Any CPU.Build.0 = Release|Any CPU
		{C7CD5B46-1D6B-4642-B9DB-9B375F432782}.Debug|Any CPU.ActiveCfg = Debug|Any CPU
		{C7CD5B46-1D6B-4642-B9DB-9B375F432782}.Debug|Any CPU.Build.0 = Debug|Any CPU
		{C7CD5B46-1D6B-4642-B9DB-9B375F432782}.Release|Any CPU.ActiveCfg = Release|Any CPU
		{C7CD5B46-1D6B-4642-B9DB-9B375F432782}.Release|Any CPU.Build.0 = Release|Any CPU
		{23052B55-9146-4831-947F-53DC7B7B1BAA}.Debug|Any CPU.ActiveCfg = Debug|Any CPU
		{23052B55-9146-4831-947F-53DC7B7B1BAA}.Debug|Any CPU.Build.0 = Debug|Any CPU
		{23052B55-9146-4831-947F-53DC7B7B1BAA}.Release|Any CPU.ActiveCfg = Release|Any CPU
		{23052B55-9146-4831-947F-53DC7B7B1BAA}.Release|Any CPU.Build.0 = Release|Any CPU
		{313695E5-89E1-430D-8C98-28C28FD0DC76}.Debug|Any CPU.ActiveCfg = Debug|Any CPU
		{313695E5-89E1-430D-8C98-28C28FD0DC76}.Debug|Any CPU.Build.0 = Debug|Any CPU
		{313695E5-89E1-430D-8C98-28C28FD0DC76}.Release|Any CPU.ActiveCfg = Release|Any CPU
		{313695E5-89E1-430D-8C98-28C28FD0DC76}.Release|Any CPU.Build.0 = Release|Any CPU
		{9D65AD78-6048-4461-B110-CCFEB67D6270}.Debug|Any CPU.ActiveCfg = Debug|Any CPU
		{9D65AD78-6048-4461-B110-CCFEB67D6270}.Debug|Any CPU.Build.0 = Debug|Any CPU
		{9D65AD78-6048-4461-B110-CCFEB67D6270}.Release|Any CPU.ActiveCfg = Release|Any CPU
		{9D65AD78-6048-4461-B110-CCFEB67D6270}.Release|Any CPU.Build.0 = Release|Any CPU
		{989EFEC8-4F99-4B87-92EF-3073F33A4AED}.Debug|Any CPU.ActiveCfg = Debug|Any CPU
		{989EFEC8-4F99-4B87-92EF-3073F33A4AED}.Debug|Any CPU.Build.0 = Debug|Any CPU
		{989EFEC8-4F99-4B87-92EF-3073F33A4AED}.Release|Any CPU.ActiveCfg = Release|Any CPU
		{989EFEC8-4F99-4B87-92EF-3073F33A4AED}.Release|Any CPU.Build.0 = Release|Any CPU
	EndGlobalSection
	GlobalSection(SolutionProperties) = preSolution
		HideSolutionNode = FALSE
	EndGlobalSection
EndGlobal
